
Microsoft Visual Studio Solution File, Format Version 12.00
# Visual Studio 2013
VisualStudioVersion = 12.0.30723.0
MinimumVisualStudioVersion = 10.0.40219.1
Project("{FAE04EC0-301F-11D3-BF4B-00C04F79EFBC}") = "CoinChangeProblem", "CoinChangeProblem\CoinChangeProblem.csproj", "{F924879E-31E3-4403-90DF-4AA7A0074171}"
EndProject
Project("{FAE04EC0-301F-11D3-BF4B-00C04F79EFBC}") = "CoinChangeProblem.Tests", "CoinChangeProblem.Tests\CoinChangeProblem.Tests.csproj", "{B576D09D-AF04-4448-AC6B-3167A3F42284}"
EndProject
Global
	GlobalSection(SolutionConfigurationPlatforms) = preSolution
		Debug|Any CPU = Debug|Any CPU
		Release|Any CPU = Release|Any CPU
	EndGlobalSection
	GlobalSection(ProjectConfigurationPlatforms) = postSolution
		{F924879E-31E3-4403-90DF-4AA7A0074171}.Debug|Any CPU.ActiveCfg = Debug|Any CPU
		{F924879E-31E3-4403-90DF-4AA7A0074171}.Debug|Any CPU.Build.0 = Debug|Any CPU
		{F924879E-31E3-4403-90DF-4AA7A0074171}.Release|Any CPU.ActiveCfg = Release|Any CPU
		{F924879E-31E3-4403-90DF-4AA7A0074171}.Release|Any CPU.Build.0 = Release|Any CPU
		{B576D09D-AF04-4448-AC6B-3167A3F42284}.Debug|Any CPU.ActiveCfg = Debug|Any CPU
		{B576D09D-AF04-4448-AC6B-3167A3F42284}.Debug|Any CPU.Build.0 = Debug|Any CPU
		{B576D09D-AF04-4448-AC6B-3167A3F42284}.Release|Any CPU.ActiveCfg = Release|Any CPU
		{B576D09D-AF04-4448-AC6B-3167A3F42284}.Release|Any CPU.Build.0 = Release|Any CPU
	EndGlobalSection
	GlobalSection(SolutionProperties) = preSolution
		HideSolutionNode = FALSE
	EndGlobalSection
EndGlobal
